
Microsoft Visual Studio Solution File, Format Version 12.00
# Visual Studio Version 17
VisualStudioVersion = 17.3.32825.248
MinimumVisualStudioVersion = 10.0.40219.1
Project("{888888A0-9F3D-457C-B088-3A5042F75D52}") = "hello_world", "hello_world\hello_world.pyproj", "{D587CB2C-7673-4F85-A1A1-BF88BD01E401}"
EndProject
Global
	GlobalSection(SolutionConfigurationPlatforms) = preSolution
		Debug|Any CPU = Debug|Any CPU
		Release|Any CPU = Release|Any CPU
	EndGlobalSection
	GlobalSection(ProjectConfigurationPlatforms) = postSolution
		{D587CB2C-7673-4F85-A1A1-BF88BD01E401}.Debug|Any CPU.ActiveCfg = Debug|Any CPU
		{D587CB2C-7673-4F85-A1A1-BF88BD01E401}.Release|Any CPU.ActiveCfg = Release|Any CPU
	EndGlobalSection
	GlobalSection(SolutionProperties) = preSolution
		HideSolutionNode = FALSE
	EndGlobalSection
	GlobalSection(ExtensibilityGlobals) = postSolution
		SolutionGuid = {38E98C3A-78DE-41F0-8C39-F499C96A2497}
	EndGlobalSection
EndGlobal
